
Microsoft Visual Studio Solution File, Format Version 12.00
# Visual Studio Version 17
VisualStudioVersion = 17.5.33502.453
MinimumVisualStudioVersion = 10.0.40219.1
Project("{2150E333-8FDC-42A3-9474-1A3956D46DE8}") = "src", "src", "{C82D9CFB-1DFB-4656-8C77-96558578251D}"
EndProject
Project("{9A19103F-16F7-4668-BE54-9A1E7A4F7556}") = "PeopleApi", "src\PeopleApi\PeopleApi.csproj", "{7F8BCBEA-B8FD-4015-BC83-73EAA3BF1EA8}"
EndProject
Project("{9A19103F-16F7-4668-BE54-9A1E7A4F7556}") = "PeopleLib", "src\PeopleLib\PeopleLib.csproj", "{071121B6-0066-466F-96A9-33E2C51EB8DD}"
EndProject
Project("{9A19103F-16F7-4668-BE54-9A1E7A4F7556}") = "BlazorPeople", "src\BlazorPeople\BlazorPeople.csproj", "{3561B7C9-97CA-4687-BCC2-8FD4EC785235}"
EndProject
Project("{2150E333-8FDC-42A3-9474-1A3956D46DE8}") = "tests", "tests", "{C728208F-4625-4818-AC54-ED79D5A949EA}"
EndProject
Project("{9A19103F-16F7-4668-BE54-9A1E7A4F7556}") = "t1", "tests\t1\t1.csproj", "{1559F7B3-5736-4EA0-8C7B-721E11CA3F05}"
EndProject
Project("{9A19103F-16F7-4668-BE54-9A1E7A4F7556}") = "t2", "tests\t2\t2.csproj", "{B4CFBACF-7421-4B66-967A-1A21C686E4C9}"
EndProject
Project("{9A19103F-16F7-4668-BE54-9A1E7A4F7556}") = "t3", "tests\t3\t3.csproj", "{E2EF373D-C794-497D-9A39-0AB6A3F27BEC}"
EndProject
Project("{9A19103F-16F7-4668-BE54-9A1E7A4F7556}") = "t4", "tests\t4\t4.csproj", "{EFB91B51-C4F9-4966-9C8A-013A490D84CC}"
EndProject
Project("{9A19103F-16F7-4668-BE54-9A1E7A4F7556}") = "t5", "tests\t5\t5.csproj", "{7B1EEDB6-A6A7-429F-AF13-77D6065C2A5F}"
EndProject
Project("{2150E333-8FDC-42A3-9474-1A3956D46DE8}") = "Solution Items", "Solution Items", "{83FA29E6-C513-4CD2-BFC4-6CB9CAA4C246}"
	ProjectSection(SolutionItems) = preProject
		README.md = README.md
	EndProjectSection
EndProject
Global
	GlobalSection(SolutionConfigurationPlatforms) = preSolution
		Debug|Any CPU = Debug|Any CPU
		Release|Any CPU = Release|Any CPU
	EndGlobalSection
	GlobalSection(ProjectConfigurationPlatforms) = postSolution
		{7F8BCBEA-B8FD-4015-BC83-73EAA3BF1EA8}.Debug|Any CPU.ActiveCfg = Debug|Any CPU
		{7F8BCBEA-B8FD-4015-BC83-73EAA3BF1EA8}.Debug|Any CPU.Build.0 = Debug|Any CPU
		{7F8BCBEA-B8FD-4015-BC83-73EAA3BF1EA8}.Release|Any CPU.ActiveCfg = Release|Any CPU
		{7F8BCBEA-B8FD-4015-BC83-73EAA3BF1EA8}.Release|Any CPU.Build.0 = Release|Any CPU
		{071121B6-0066-466F-96A9-33E2C51EB8DD}.Debug|Any CPU.ActiveCfg = Debug|Any CPU
		{071121B6-0066-466F-96A9-33E2C51EB8DD}.Debug|Any CPU.Build.0 = Debug|Any CPU
		{071121B6-0066-466F-96A9-33E2C51EB8DD}.Release|Any CPU.ActiveCfg = Release|Any CPU
		{071121B6-0066-466F-96A9-33E2C51EB8DD}.Release|Any CPU.Build.0 = Release|Any CPU
		{3561B7C9-97CA-4687-BCC2-8FD4EC785235}.Debug|Any CPU.ActiveCfg = Debug|Any CPU
		{3561B7C9-97CA-4687-BCC2-8FD4EC785235}.Debug|Any CPU.Build.0 = Debug|Any CPU
		{3561B7C9-97CA-4687-BCC2-8FD4EC785235}.Release|Any CPU.ActiveCfg = Release|Any CPU
		{3561B7C9-97CA-4687-BCC2-8FD4EC785235}.Release|Any CPU.Build.0 = Release|Any CPU
		{1559F7B3-5736-4EA0-8C7B-721E11CA3F05}.Debug|Any CPU.ActiveCfg = Debug|Any CPU
		{1559F7B3-5736-4EA0-8C7B-721E11CA3F05}.Debug|Any CPU.Build.0 = Debug|Any CPU
		{1559F7B3-5736-4EA0-8C7B-721E11CA3F05}.Release|Any CPU.ActiveCfg = Release|Any CPU
		{1559F7B3-5736-4EA0-8C7B-721E11CA3F05}.Release|Any CPU.Build.0 = Release|Any CPU
		{B4CFBACF-7421-4B66-967A-1A21C686E4C9}.Debug|Any CPU.ActiveCfg = Debug|Any CPU
		{B4CFBACF-7421-4B66-967A-1A21C686E4C9}.Debug|Any CPU.Build.0 = Debug|Any CPU
		{B4CFBACF-7421-4B66-967A-1A21C686E4C9}.Release|Any CPU.ActiveCfg = Release|Any CPU
		{B4CFBACF-7421-4B66-967A-1A21C686E4C9}.Release|Any CPU.Build.0 = Release|Any CPU
		{E2EF373D-C794-497D-9A39-0AB6A3F27BEC}.Debug|Any CPU.ActiveCfg = Debug|Any CPU
		{E2EF373D-C794-497D-9A39-0AB6A3F27BEC}.Debug|Any CPU.Build.0 = Debug|Any CPU
		{E2EF373D-C794-497D-9A39-0AB6A3F27BEC}.Release|Any CPU.ActiveCfg = Release|Any CPU
		{E2EF373D-C794-497D-9A39-0AB6A3F27BEC}.Release|Any CPU.Build.0 = Release|Any CPU
		{EFB91B51-C4F9-4966-9C8A-013A490D84CC}.Debug|Any CPU.ActiveCfg = Debug|Any CPU
		{EFB91B51-C4F9-4966-9C8A-013A490D84CC}.Debug|Any CPU.Build.0 = Debug|Any CPU
		{EFB91B51-C4F9-4966-9C8A-013A490D84CC}.Release|Any CPU.ActiveCfg = Release|Any CPU
		{EFB91B51-C4F9-4966-9C8A-013A490D84CC}.Release|Any CPU.Build.0 = Release|Any CPU
		{7B1EEDB6-A6A7-429F-AF13-77D6065C2A5F}.Debug|Any CPU.ActiveCfg = Debug|Any CPU
		{7B1EEDB6-A6A7-429F-AF13-77D6065C2A5F}.Debug|Any CPU.Build.0 = Debug|Any CPU
		{7B1EEDB6-A6A7-429F-AF13-77D6065C2A5F}.Release|Any CPU.ActiveCfg = Release|Any CPU
		{7B1EEDB6-A6A7-429F-AF13-77D6065C2A5F}.Release|Any CPU.Build.0 = Release|Any CPU
	EndGlobalSection
	GlobalSection(SolutionProperties) = preSolution
		HideSolutionNode = FALSE
	EndGlobalSection
	GlobalSection(NestedProjects) = preSolution
		{7F8BCBEA-B8FD-4015-BC83-73EAA3BF1EA8} = {C82D9CFB-1DFB-4656-8C77-96558578251D}
		{071121B6-0066-466F-96A9-33E2C51EB8DD} = {C82D9CFB-1DFB-4656-8C77-96558578251D}
		{3561B7C9-97CA-4687-BCC2-8FD4EC785235} = {C82D9CFB-1DFB-4656-8C77-96558578251D}
		{1559F7B3-5736-4EA0-8C7B-721E11CA3F05} = {C728208F-4625-4818-AC54-ED79D5A949EA}
		{B4CFBACF-7421-4B66-967A-1A21C686E4C9} = {C728208F-4625-4818-AC54-ED79D5A949EA}
		{E2EF373D-C794-497D-9A39-0AB6A3F27BEC} = {C728208F-4625-4818-AC54-ED79D5A949EA}
		{EFB91B51-C4F9-4966-9C8A-013A490D84CC} = {C728208F-4625-4818-AC54-ED79D5A949EA}
		{7B1EEDB6-A6A7-429F-AF13-77D6065C2A5F} = {C728208F-4625-4818-AC54-ED79D5A949EA}
	EndGlobalSection
	GlobalSection(ExtensibilityGlobals) = postSolution
		SolutionGuid = {04A0B3CE-970C-4EE4-8536-95F287430875}
	EndGlobalSection
EndGlobal
